
Microsoft Visual Studio Solution File, Format Version 12.00
# Visual Studio Version 17
VisualStudioVersion = 17.14.36930.0 d17.14
MinimumVisualStudioVersion = 10.0.40219.1
Project("{FAE04EC0-301F-11D3-BF4B-00C04F79EFBC}") = "Ministry_of_Tourism_pro", "Ministry_of_Tourism_pro\Ministry_of_Tourism_pro.csproj", "{FC60834A-83CF-4B44-9B1B-3C74B5351FA2}"
EndProject
Global
	GlobalSection(SolutionConfigurationPlatforms) = preSolution
		Debug|Any CPU = Debug|Any CPU
		Release|Any CPU = Release|Any CPU
	EndGlobalSection
	GlobalSection(ProjectConfigurationPlatforms) = postSolution
		{FC60834A-83CF-4B44-9B1B-3C74B5351FA2}.Debug|Any CPU.ActiveCfg = Debug|Any CPU
		{FC60834A-83CF-4B44-9B1B-3C74B5351FA2}.Debug|Any CPU.Build.0 = Debug|Any CPU
		{FC60834A-83CF-4B44-9B1B-3C74B5351FA2}.Release|Any CPU.ActiveCfg = Release|Any CPU
		{FC60834A-83CF-4B44-9B1B-3C74B5351FA2}.Release|Any CPU.Build.0 = Release|Any CPU
	EndGlobalSection
	GlobalSection(SolutionProperties) = preSolution
		HideSolutionNode = FALSE
	EndGlobalSection
	GlobalSection(ExtensibilityGlobals) = postSolution
		SolutionGuid = {7D71C0C3-4E33-49DA-996F-5B5FD381BEE0}
	EndGlobalSection
EndGlobal
